PODS:
  - CYLTabBarController (1.2.2)
  - FMDB (2.6.2):
    - FMDB/standard (= 2.6.2)
  - FMDB/standard (2.6.2)
  - ICTextView (2.0.1)
  - Masonry (1.0.0)
  - ZLSwipeableView (0.0.8)

DEPENDENCIES:
  - CYLTabBarController
  - FMDB
  - ICTextView
  - Masonry
  - ZLSwipeableView

SPEC CHECKSUMS:
  CYLTabBarController: ae338979346b77c69ed0dab7853c9c10f231acef
  FMDB: 854a0341b4726e53276f2a8996f06f1b80f9259a
  ICTextView: 937aca5dd49e39e9cca41ababe8c55bf99c634fc
  Masonry: b529bb169217897b6354d4b56b1fada6d475b13d
  ZLSwipeableView: df385760ff4838935cdbcb62878ac5acd7355949

PODFILE CHECKSUM: 4966909c6847ad94ea3ba30abba07920518834c8

COCOAPODS: 1.0.0.beta.2
