// !$*UTF8*$!
{
	archiveVersion = 1;
	classes = {
	};
	objectVersion = 46;
	objects = {

/* Begin PBXBuildFile section */
		31D29BE385CCFD1A4AA06576 /* libPods-RJMemorandum.a in Frameworks */ = {isa = PBXBuildFile; fileRef = 346E3960DA5FF0763BBC0CC5 /* libPods-RJMemorandum.a */; };
		9A4799151CC67E3D00F237C0 /* main.m in Sources */ = {isa = PBXBuildFile; fileRef = 9A4799141CC67E3D00F237C0 /* main.m */; };
		9A4799181CC67E3D00F237C0 /* AppDelegate.m in Sources */ = {isa = PBXBuildFile; fileRef = 9A4799171CC67E3D00F237C0 /* AppDelegate.m */; };
		9A4799211CC67E3D00F237C0 /* RJMemorandum.xcdatamodeld in Sources */ = {isa = PBXBuildFile; fileRef = 9A47991F1CC67E3D00F237C0 /* RJMemorandum.xcdatamodeld */; };
		9A4799231CC67E3D00F237C0 /* Assets.xcassets in Resources */ = {isa = PBXBuildFile; fileRef = 9A4799221CC67E3D00F237C0 /* Assets.xcassets */; };
		9A4799311CC67E3D00F237C0 /* RJMemorandumTests.m in Sources */ = {isa = PBXBuildFile; fileRef = 9A4799301CC67E3D00F237C0 /* RJMemorandumTests.m */; };
		9AD7524B1CC86FB800F68C37 /* RJItem.m in Sources */ = {isa = PBXBuildFile; fileRef = 9AD7524A1CC86FB800F68C37 /* RJItem.m */; };
		9AD752521CC872FA00F68C37 /* RJItemStore.m in Sources */ = {isa = PBXBuildFile; fileRef = 9AD752511CC872FA00F68C37 /* RJItemStore.m */; };
		9AD752561CC8CC6600F68C37 /* RJCheckItemViewController.m in Sources */ = {isa = PBXBuildFile; fileRef = 9AD752551CC8CC6600F68C37 /* RJCheckItemViewController.m */; };
/* End PBXBuildFile section */

/* Begin PBXContainerItemProxy section */
		9A47992D1CC67E3D00F237C0 /* PBXContainerItemProxy */ = {
			isa = PBXContainerItemProxy;
			containerPortal = 9A4799081CC67E3D00F237C0 /* Project object */;
			proxyType = 1;
			remoteGlobalIDString = 9A47990F1CC67E3D00F237C0;
			remoteInfo = RJMemorandum;
		};
/* End PBXContainerItemProxy section */

/* Begin PBXFileReference section */
		0B27B5777F88CDF07FB7AA50 /* Pods-RJMemorandum.release.xcconfig */ = {isa = PBXFileReference; includeInIndex = 1; lastKnownFileType = text.xcconfig; name = "Pods-RJMemorandum.release.xcconfig"; path = "../Pods/Target Support Files/Pods-RJMemorandum/Pods-RJMemorandum.release.xcconfig"; sourceTree = "<group>"; };
		346E3960DA5FF0763BBC0CC5 /* libPods-RJMemorandum.a */ = {isa = PBXFileReference; explicitFileType = archive.ar; includeInIndex = 0; path = "libPods-RJMemorandum.a"; sourceTree = BUILT_PRODUCTS_DIR; };
		9A4799101CC67E3D00F237C0 /* RJMemorandum.app */ = {isa = PBXFileReference; explicitFileType = wrapper.application; includeInIndex = 0; path = RJMemorandum.app; sourceTree = BUILT_PRODUCTS_DIR; };
		9A4799141CC67E3D00F237C0 /* main.m */ = {isa = PBXFileReference; lastKnownFileType = sourcecode.c.objc; path = main.m; sourceTree = "<group>"; };
		9A4799161CC67E3D00F237C0 /* AppDelegate.h */ = {isa = PBXFileReference; lastKnownFileType = sourcecode.c.h; path = AppDelegate.h; sourceTree = "<group>"; };
		9A4799171CC67E3D00F237C0 /* AppDelegate.m */ = {isa = PBXFileReference; lastKnownFileType = sourcecode.c.objc; path = AppDelegate.m; sourceTree = "<group>"; };
		9A4799201CC67E3D00F237C0 /* RJMemorandum.xcdatamodel */ = {isa = PBXFileReference; lastKnownFileType = wrapper.xcdatamodel; path = RJMemorandum.xcdatamodel; sourceTree = "<group>"; };
		9A4799221CC67E3D00F237C0 /* Assets.xcassets */ = {isa = PBXFileReference; lastKnownFileType = folder.assetcatalog; path = Assets.xcassets; sourceTree = "<group>"; };
		9A4799271CC67E3D00F237C0 /* Info.plist */ = {isa = PBXFileReference; lastKnownFileType = text.plist.xml; path = Info.plist; sourceTree = "<group>"; };
		9A47992C1CC67E3D00F237C0 /* RJMemorandumTests.xctest */ = {isa = PBXFileReference; explicitFileType = wrapper.cfbundle; includeInIndex = 0; path = RJMemorandumTests.xctest; sourceTree = BUILT_PRODUCTS_DIR; };
		9A4799301CC67E3D00F237C0 /* RJMemorandumTests.m */ = {isa = PBXFileReference; lastKnownFileType = sourcecode.c.objc; path = RJMemorandumTests.m; sourceTree = "<group>"; };
		9A4799321CC67E3D00F237C0 /* Info.plist */ = {isa = PBXFileReference; lastKnownFileType = text.plist.xml; path = Info.plist; sourceTree = "<group>"; };
		9AD752491CC86FB800F68C37 /* RJItem.h */ = {isa = PBXFileReference; fileEncoding = 4; lastKnownFileType = sourcecode.c.h; path = RJItem.h; sourceTree = "<group>"; };
		9AD7524A1CC86FB800F68C37 /* RJItem.m */ = {isa = PBXFileReference; fileEncoding = 4; lastKnownFileType = sourcecode.c.objc; path = RJItem.m; sourceTree = "<group>"; };
		9AD752501CC872FA00F68C37 /* RJItemStore.h */ = {isa = PBXFileReference; fileEncoding = 4; lastKnownFileType = sourcecode.c.h; path = RJItemStore.h; sourceTree = "<group>"; };
		9AD752511CC872FA00F68C37 /* RJItemStore.m */ = {isa = PBXFileReference; fileEncoding = 4; lastKnownFileType = sourcecode.c.objc; path = RJItemStore.m; sourceTree = "<group>"; };
		9AD752541CC8CC6600F68C37 /* RJCheckItemViewController.h */ = {isa = PBXFileReference; fileEncoding = 4; lastKnownFileType = sourcecode.c.h; path = RJCheckItemViewController.h; sourceTree = "<group>"; };
		9AD752551CC8CC6600F68C37 /* RJCheckItemViewController.m */ = {isa = PBXFileReference; fileEncoding = 4; lastKnownFileType = sourcecode.c.objc; path = RJCheckItemViewController.m; sourceTree = "<group>"; };
		E6DC16FD7876D3A3445C50F8 /* Pods-RJMemorandum.debug.xcconfig */ = {isa = PBXFileReference; includeInIndex = 1; lastKnownFileType = text.xcconfig; name = "Pods-RJMemorandum.debug.xcconfig"; path = "../Pods/Target Support Files/Pods-RJMemorandum/Pods-RJMemorandum.debug.xcconfig"; sourceTree = "<group>"; };
/* End PBXFileReference section */

/* Begin PBXFrameworksBuildPhase section */
		9A47990D1CC67E3D00F237C0 /* Frameworks */ = {
			isa = PBXFrameworksBuildPhase;
			buildActionMask = 2147483647;
			files = (
				31D29BE385CCFD1A4AA06576 /* libPods-RJMemorandum.a in Frameworks */,
			);
			runOnlyForDeploymentPostprocessing = 0;
		};
		9A4799291CC67E3D00F237C0 /* Frameworks */ = {
			isa = PBXFrameworksBuildPhase;
			buildActionMask = 2147483647;
			files = (
			);
			runOnlyForDeploymentPostprocessing = 0;
		};
/* End PBXFrameworksBuildPhase section */

/* Begin PBXGroup section */
		21A26A128687E0D819996A8D /* Pods */ = {
			isa = PBXGroup;
			children = (
				E6DC16FD7876D3A3445C50F8 /* Pods-RJMemorandum.debug.xcconfig */,
				0B27B5777F88CDF07FB7AA50 /* Pods-RJMemorandum.release.xcconfig */,
			);
			name = Pods;
			sourceTree = "<group>";
		};
		537E0BCD0C774CAD956E2D1C /* Frameworks */ = {
			isa = PBXGroup;
			children = (
				346E3960DA5FF0763BBC0CC5 /* libPods-RJMemorandum.a */,
			);
			name = Frameworks;
			sourceTree = "<group>";
		};
		9A4799071CC67E3D00F237C0 = {
			isa = PBXGroup;
			children = (
				9A4799121CC67E3D00F237C0 /* RJMemorandum */,
				9A47992F1CC67E3D00F237C0 /* RJMemorandumTests */,
				9A4799111CC67E3D00F237C0 /* Products */,
				21A26A128687E0D819996A8D /* Pods */,
				537E0BCD0C774CAD956E2D1C /* Frameworks */,
			);
			sourceTree = "<group>";
		};
		9A4799111CC67E3D00F237C0 /* Products */ = {
			isa = PBXGroup;
			children = (
				9A4799101CC67E3D00F237C0 /* RJMemorandum.app */,
				9A47992C1CC67E3D00F237C0 /* RJMemorandumTests.xctest */,
			);
			name = Products;
			sourceTree = "<group>";
		};
		9A4799121CC67E3D00F237C0 /* RJMemorandum */ = {
			isa = PBXGroup;
			children = (
				9AD752461CC86F6300F68C37 /* Managers */,
				9AD752471CC86F6300F68C37 /* Stores */,
				9AD752481CC86F6300F68C37 /* Helpers */,
				9AD752411CC86E6F00F68C37 /* Service */,
				9AD752431CC86E6F00F68C37 /* Models */,
				9AD752441CC86E6F00F68C37 /* Views */,
				9AD752421CC86E6F00F68C37 /* Controllers */,
				9AD752451CC86E6F00F68C37 /* Resource */,
				9A4799161CC67E3D00F237C0 /* AppDelegate.h */,
				9A4799171CC67E3D00F237C0 /* AppDelegate.m */,
				9A4799221CC67E3D00F237C0 /* Assets.xcassets */,
				9A4799271CC67E3D00F237C0 /* Info.plist */,
				9A47991F1CC67E3D00F237C0 /* RJMemorandum.xcdatamodeld */,
				9A4799131CC67E3D00F237C0 /* Supporting Files */,
			);
			path = RJMemorandum;
			sourceTree = "<group>";
		};
		9A4799131CC67E3D00F237C0 /* Supporting Files */ = {
			isa = PBXGroup;
			children = (
				9A4799141CC67E3D00F237C0 /* main.m */,
			);
			name = "Supporting Files";
			sourceTree = "<group>";
		};
		9A47992F1CC67E3D00F237C0 /* RJMemorandumTests */ = {
			isa = PBXGroup;
			children = (
				9A4799301CC67E3D00F237C0 /* RJMemorandumTests.m */,
				9A4799321CC67E3D00F237C0 /* Info.plist */,
			);
			path = RJMemorandumTests;
			sourceTree = "<group>";
		};
		9AD752411CC86E6F00F68C37 /* Service */ = {
			isa = PBXGroup;
			children = (
			);
			path = Service;
			sourceTree = "<group>";
		};
		9AD752421CC86E6F00F68C37 /* Controllers */ = {
			isa = PBXGroup;
			children = (
				9AD752531CC8CC4700F68C37 /* RJCheckItemViewController */,
			);
			path = Controllers;
			sourceTree = "<group>";
		};
		9AD752431CC86E6F00F68C37 /* Models */ = {
			isa = PBXGroup;
			children = (
				9AD752491CC86FB800F68C37 /* RJItem.h */,
				9AD7524A1CC86FB800F68C37 /* RJItem.m */,
			);
			path = Models;
			sourceTree = "<group>";
		};
		9AD752441CC86E6F00F68C37 /* Views */ = {
			isa = PBXGroup;
			children = (
			);
			path = Views;
			sourceTree = "<group>";
		};
		9AD752451CC86E6F00F68C37 /* Resource */ = {
			isa = PBXGroup;
			children = (
			);
			path = Resource;
			sourceTree = "<group>";
		};
		9AD752461CC86F6300F68C37 /* Managers */ = {
			isa = PBXGroup;
			children = (
			);
			path = Managers;
			sourceTree = "<group>";
		};
		9AD752471CC86F6300F68C37 /* Stores */ = {
			isa = PBXGroup;
			children = (
				9AD7524F1CC872FA00F68C37 /* RJItemStore */,
			);
			path = Stores;
			sourceTree = "<group>";
		};
		9AD752481CC86F6300F68C37 /* Helpers */ = {
			isa = PBXGroup;
			children = (
			);
			path = Helpers;
			sourceTree = "<group>";
		};
		9AD7524F1CC872FA00F68C37 /* RJItemStore */ = {
			isa = PBXGroup;
			children = (
				9AD752501CC872FA00F68C37 /* RJItemStore.h */,
				9AD752511CC872FA00F68C37 /* RJItemStore.m */,
			);
			path = RJItemStore;
			sourceTree = "<group>";
		};
		9AD752531CC8CC4700F68C37 /* RJCheckItemViewController */ = {
			isa = PBXGroup;
			children = (
				9AD752541CC8CC6600F68C37 /* RJCheckItemViewController.h */,
				9AD752551CC8CC6600F68C37 /* RJCheckItemViewController.m */,
			);
			path = RJCheckItemViewController;
			sourceTree = "<group>";
		};
/* End PBXGroup section */

/* Begin PBXNativeTarget section */
		9A47990F1CC67E3D00F237C0 /* RJMemorandum */ = {
			isa = PBXNativeTarget;
			buildConfigurationList = 9A4799351CC67E3D00F237C0 /* Build configuration list for PBXNativeTarget "RJMemorandum" */;
			buildPhases = (
				5E865AD1D0278988B7DA6BB3 /* Check Pods Manifest.lock */,
				9A47990C1CC67E3D00F237C0 /* Sources */,
				9A47990D1CC67E3D00F237C0 /* Frameworks */,
				9A47990E1CC67E3D00F237C0 /* Resources */,
				B8DFABE836E825B066DCE1E7 /* Embed Pods Frameworks */,
				44CD1247183E3121C1A6D22D /* Copy Pods Resources */,
			);
			buildRules = (
			);
			dependencies = (
			);
			name = RJMemorandum;
			productName = RJMemorandum;
			productReference = 9A4799101CC67E3D00F237C0 /* RJMemorandum.app */;
			productType = "com.apple.product-type.application";
		};
		9A47992B1CC67E3D00F237C0 /* RJMemorandumTests */ = {
			isa = PBXNativeTarget;
			buildConfigurationList = 9A4799381CC67E3D00F237C0 /* Build configuration list for PBXNativeTarget "RJMemorandumTests" */;
			buildPhases = (
				9A4799281CC67E3D00F237C0 /* Sources */,
				9A4799291CC67E3D00F237C0 /* Frameworks */,
				9A47992A1CC67E3D00F237C0 /* Resources */,
			);
			buildRules = (
			);
			dependencies = (
				9A47992E1CC67E3D00F237C0 /* PBXTargetDependency */,
			);
			name = RJMemorandumTests;
			productName = RJMemorandumTests;
			productReference = 9A47992C1CC67E3D00F237C0 /* RJMemorandumTests.xctest */;
			productType = "com.apple.product-type.bundle.unit-test";
		};
/* End PBXNativeTarget section */

/* Begin PBXProject section */
		9A4799081CC67E3D00F237C0 /* Project object */ = {
			isa = PBXProject;
			attributes = {
				LastUpgradeCheck = 0730;
				ORGANIZATIONNAME = Renjialiang;
				TargetAttributes = {
					9A47990F1CC67E3D00F237C0 = {
						CreatedOnToolsVersion = 7.3;
					};
					9A47992B1CC67E3D00F237C0 = {
						CreatedOnToolsVersion = 7.3;
						TestTargetID = 9A47990F1CC67E3D00F237C0;
					};
				};
			};
			buildConfigurationList = 9A47990B1CC67E3D00F237C0 /* Build configuration list for PBXProject "RJMemorandum" */;
			compatibilityVersion = "Xcode 3.2";
			developmentRegion = English;
			hasScannedForEncodings = 0;
			knownRegions = (
				en,
				Base,
			);
			mainGroup = 9A4799071CC67E3D00F237C0;
			productRefGroup = 9A4799111CC67E3D00F237C0 /* Products */;
			projectDirPath = "";
			projectRoot = "";
			targets = (
				9A47990F1CC67E3D00F237C0 /* RJMemorandum */,
				9A47992B1CC67E3D00F237C0 /* RJMemorandumTests */,
			);
		};
/* End PBXProject section */

/* Begin PBXResourcesBuildPhase section */
		9A47990E1CC67E3D00F237C0 /* Resources */ = {
			isa = PBXResourcesBuildPhase;
			buildActionMask = 2147483647;
			files = (
				9A4799231CC67E3D00F237C0 /* Assets.xcassets in Resources */,
			);
			runOnlyForDeploymentPostprocessing = 0;
		};
		9A47992A1CC67E3D00F237C0 /* Resources */ = {
			isa = PBXResourcesBuildPhase;
			buildActionMask = 2147483647;
			files = (
			);
			runOnlyForDeploymentPostprocessing = 0;
		};
/* End PBXResourcesBuildPhase section */

/* Begin PBXShellScriptBuildPhase section */
		44CD1247183E3121C1A6D22D /* Copy Pods Resources */ = {
			isa = PBXShellScriptBuildPhase;
			buildActionMask = 2147483647;
			files = (
			);
			inputPaths = (
			);
			name = "Copy Pods Resources";
			outputPaths = (
			);
			runOnlyForDeploymentPostprocessing = 0;
			shellPath = /bin/sh;
			shellScript = "\"${SRCROOT}/../Pods/Target Support Files/Pods-RJMemorandum/Pods-RJMemorandum-resources.sh\"\n";
			showEnvVarsInLog = 0;
		};
		5E865AD1D0278988B7DA6BB3 /* Check Pods Manifest.lock */ = {
			isa = PBXShellScriptBuildPhase;
			buildActionMask = 2147483647;
			files = (
			);
			inputPaths = (
			);
			name = "Check Pods Manifest.lock";
			outputPaths = (
			);
			runOnlyForDeploymentPostprocessing = 0;
			shellPath = /bin/sh;
			shellScript = "diff \"${PODS_ROOT}/../Podfile.lock\" \"${PODS_ROOT}/Manifest.lock\" > /dev/null\nif [[ $? != 0 ]] ; then\n    cat << EOM\nerror: The sandbox is not in sync with the Podfile.lock. Run 'pod install' or update your CocoaPods installation.\nEOM\n    exit 1\nfi\n";
			showEnvVarsInLog = 0;
		};
		B8DFABE836E825B066DCE1E7 /* Embed Pods Frameworks */ = {
			isa = PBXShellScriptBuildPhase;
			buildActionMask = 2147483647;
			files = (
			);
			inputPaths = (
			);
			name = "Embed Pods Frameworks";
			outputPaths = (
			);
			runOnlyForDeploymentPostprocessing = 0;
			shellPath = /bin/sh;
			shellScript = "\"${SRCROOT}/../Pods/Target Support Files/Pods-RJMemorandum/Pods-RJMemorandum-frameworks.sh\"\n";
			showEnvVarsInLog = 0;
		};
/* End PBXShellScriptBuildPhase section */

/* Begin PBXSourcesBuildPhase section */
		9A47990C1CC67E3D00F237C0 /* Sources */ = {
			isa = PBXSourcesBuildPhase;
			buildActionMask = 2147483647;
			files = (
				9A4799181CC67E3D00F237C0 /* AppDelegate.m in Sources */,
				9A4799211CC67E3D00F237C0 /* RJMemorandum.xcdatamodeld in Sources */,
				9AD7524B1CC86FB800F68C37 /* RJItem.m in Sources */,
				9AD752521CC872FA00F68C37 /* RJItemStore.m in Sources */,
				9AD752561CC8CC6600F68C37 /* RJCheckItemViewController.m in Sources */,
				9A4799151CC67E3D00F237C0 /* main.m in Sources */,
			);
			runOnlyForDeploymentPostprocessing = 0;
		};
		9A4799281CC67E3D00F237C0 /* Sources */ = {
			isa = PBXSourcesBuildPhase;
			buildActionMask = 2147483647;
			files = (
				9A4799311CC67E3D00F237C0 /* RJMemorandumTests.m in Sources */,
			);
			runOnlyForDeploymentPostprocessing = 0;
		};
/* End PBXSourcesBuildPhase section */

/* Begin PBXTargetDependency section */
		9A47992E1CC67E3D00F237C0 /* PBXTargetDependency */ = {
			isa = PBXTargetDependency;
			target = 9A47990F1CC67E3D00F237C0 /* RJMemorandum */;
			targetProxy = 9A47992D1CC67E3D00F237C0 /* PBXContainerItemProxy */;
		};
/* End PBXTargetDependency section */

/* Begin XCBuildConfiguration section */
		9A4799331CC67E3D00F237C0 /* Debug */ = {
			isa = XCBuildConfiguration;
			buildSettings = {
				ALWAYS_SEARCH_USER_PATHS = NO;
				CLANG_ANALYZER_NONNULL = YES;
				CLANG_CXX_LANGUAGE_STANDARD = "gnu++0x";
				CLANG_CXX_LIBRARY = "libc++";
				CLANG_ENABLE_MODULES = YES;
				CLANG_ENABLE_OBJC_ARC = YES;
				CLANG_WARN_BOOL_CONVERSION = YES;
				CLANG_WARN_CONSTANT_CONVERSION = YES;
				CLANG_WARN_DIRECT_OBJC_ISA_USAGE = YES_ERROR;
				CLANG_WARN_EMPTY_BODY = YES;
				CLANG_WARN_ENUM_CONVERSION = YES;
				CLANG_WARN_INT_CONVERSION = YES;
				CLANG_WARN_OBJC_ROOT_CLASS = YES_ERROR;
				CLANG_WARN_UNREACHABLE_CODE = YES;
				CLANG_WARN__DUPLICATE_METHOD_MATCH = YES;
				"CODE_SIGN_IDENTITY[sdk=iphoneos*]" = "iPhone Developer";
				COPY_PHASE_STRIP = NO;
				DEBUG_INFORMATION_FORMAT = dwarf;
				ENABLE_STRICT_OBJC_MSGSEND = YES;
				ENABLE_TESTABILITY = YES;
				GCC_C_LANGUAGE_STANDARD = gnu99;
				GCC_DYNAMIC_NO_PIC = NO;
				GCC_NO_COMMON_BLOCKS = YES;
				GCC_OPTIMIZATION_LEVEL = 0;
				GCC_PREPROCESSOR_DEFINITIONS = (
					"DEBUG=1",
					"$(inherited)",
				);
				GCC_WARN_64_TO_32_BIT_CONVERSION = YES;
				GCC_WARN_ABOUT_RETURN_TYPE = YES_ERROR;
				GCC_WARN_UNDECLARED_SELECTOR = YES;
				GCC_WARN_UNINITIALIZED_AUTOS = YES_AGGRESSIVE;
				GCC_WARN_UNUSED_FUNCTION = YES;
				GCC_WARN_UNUSED_VARIABLE = YES;
				IPHONEOS_DEPLOYMENT_TARGET = 9.3;
				MTL_ENABLE_DEBUG_INFO = YES;
				ONLY_ACTIVE_ARCH = YES;
				SDKROOT = iphoneos;
			};
			name = Debug;
		};
		9A4799341CC67E3D00F237C0 /* Release */ = {
			isa = XCBuildConfiguration;
			buildSettings = {
				ALWAYS_SEARCH_USER_PATHS = NO;
				CLANG_ANALYZER_NONNULL = YES;
				CLANG_CXX_LANGUAGE_STANDARD = "gnu++0x";
				CLANG_CXX_LIBRARY = "libc++";
				CLANG_ENABLE_MODULES = YES;
				CLANG_ENABLE_OBJC_ARC = YES;
				CLANG_WARN_BOOL_CONVERSION = YES;
				CLANG_WARN_CONSTANT_CONVERSION = YES;
				CLANG_WARN_DIRECT_OBJC_ISA_USAGE = YES_ERROR;
				CLANG_WARN_EMPTY_BODY = YES;
				CLANG_WARN_ENUM_CONVERSION = YES;
				CLANG_WARN_INT_CONVERSION = YES;
				CLANG_WARN_OBJC_ROOT_CLASS = YES_ERROR;
				CLANG_WARN_UNREACHABLE_CODE = YES;
				CLANG_WARN__DUPLICATE_METHOD_MATCH = YES;
				"CODE_SIGN_IDENTITY[sdk=iphoneos*]" = "iPhone Developer";
				COPY_PHASE_STRIP = NO;
				DEBUG_INFORMATION_FORMAT = "dwarf-with-dsym";
				ENABLE_NS_ASSERTIONS = NO;
				ENABLE_STRICT_OBJC_MSGSEND = YES;
				GCC_C_LANGUAGE_STANDARD = gnu99;
				GCC_NO_COMMON_BLOCKS = YES;
				GCC_WARN_64_TO_32_BIT_CONVERSION = YES;
				GCC_WARN_ABOUT_RETURN_TYPE = YES_ERROR;
				GCC_WARN_UNDECLARED_SELECTOR = YES;
				GCC_WARN_UNINITIALIZED_AUTOS = YES_AGGRESSIVE;
				GCC_WARN_UNUSED_FUNCTION = YES;
				GCC_WARN_UNUSED_VARIABLE = YES;
				IPHONEOS_DEPLOYMENT_TARGET = 9.3;
				MTL_ENABLE_DEBUG_INFO = NO;
				SDKROOT = iphoneos;
				VALIDATE_PRODUCT = YES;
			};
			name = Release;
		};
		9A4799361CC67E3D00F237C0 /* Debug */ = {
			isa = XCBuildConfiguration;
			baseConfigurationReference = E6DC16FD7876D3A3445C50F8 /* Pods-RJMemorandum.debug.xcconfig */;
			buildSettings = {
				ASSETCATALOG_COMPILER_APPICON_NAME = AppIcon;
				INFOPLIST_FILE = RJMemorandum/Info.plist;
				IPHONEOS_DEPLOYMENT_TARGET = 7.0;
				LD_RUNPATH_SEARCH_PATHS = "$(inherited) @executable_path/Frameworks";
				PRODUCT_BUNDLE_IDENTIFIER = com.rjlqy.memorandum.RJMemorandum;
				PRODUCT_NAME = "$(TARGET_NAME)";
			};
			name = Debug;
		};
		9A4799371CC67E3D00F237C0 /* Release */ = {
			isa = XCBuildConfiguration;
			baseConfigurationReference = 0B27B5777F88CDF07FB7AA50 /* Pods-RJMemorandum.release.xcconfig */;
			buildSettings = {
				ASSETCATALOG_COMPILER_APPICON_NAME = AppIcon;
				INFOPLIST_FILE = RJMemorandum/Info.plist;
				IPHONEOS_DEPLOYMENT_TARGET = 7.0;
				LD_RUNPATH_SEARCH_PATHS = "$(inherited) @executable_path/Frameworks";
				PRODUCT_BUNDLE_IDENTIFIER = com.rjlqy.memorandum.RJMemorandum;
				PRODUCT_NAME = "$(TARGET_NAME)";
			};
			name = Release;
		};
		9A4799391CC67E3D00F237C0 /* Debug */ = {
			isa = XCBuildConfiguration;
			buildSettings = {
				BUNDLE_LOADER = "$(TEST_HOST)";
				INFOPLIST_FILE = RJMemorandumTests/Info.plist;
				LD_RUNPATH_SEARCH_PATHS = "$(inherited) @executable_path/Frameworks @loader_path/Frameworks";
				PRODUCT_BUNDLE_IDENTIFIER = com.rjlqy.memorandum.RJMemorandumTests;
				PRODUCT_NAME = "$(TARGET_NAME)";
				TEST_HOST = "$(BUILT_PRODUCTS_DIR)/RJMemorandum.app/RJMemorandum";
			};
			name = Debug;
		};
		9A47993A1CC67E3D00F237C0 /* Release */ = {
			isa = XCBuildConfiguration;
			buildSettings = {
				BUNDLE_LOADER = "$(TEST_HOST)";
				INFOPLIST_FILE = RJMemorandumTests/Info.plist;
				LD_RUNPATH_SEARCH_PATHS = "$(inherited) @executable_path/Frameworks @loader_path/Frameworks";
				PRODUCT_BUNDLE_IDENTIFIER = com.rjlqy.memorandum.RJMemorandumTests;
				PRODUCT_NAME = "$(TARGET_NAME)";
				TEST_HOST = "$(BUILT_PRODUCTS_DIR)/RJMemorandum.app/RJMemorandum";
			};
			name = Release;
		};
/* End XCBuildConfiguration section */

/* Begin XCConfigurationList section */
		9A47990B1CC67E3D00F237C0 /* Build configuration list for PBXProject "RJMemorandum" */ = {
			isa = XCConfigurationList;
			buildConfigurations = (
				9A4799331CC67E3D00F237C0 /* Debug */,
				9A4799341CC67E3D00F237C0 /* Release */,
			);
			defaultConfigurationIsVisible = 0;
			defaultConfigurationName = Release;
		};
		9A4799351CC67E3D00F237C0 /* Build configuration list for PBXNativeTarget "RJMemorandum" */ = {
			isa = XCConfigurationList;
			buildConfigurations = (
				9A4799361CC67E3D00F237C0 /* Debug */,
				9A4799371CC67E3D00F237C0 /* Release */,
			);
			defaultConfigurationIsVisible = 0;
			defaultConfigurationName = Release;
		};
		9A4799381CC67E3D00F237C0 /* Build configuration list for PBXNativeTarget "RJMemorandumTests" */ = {
			isa = XCConfigurationList;
			buildConfigurations = (
				9A4799391CC67E3D00F237C0 /* Debug */,
				9A47993A1CC67E3D00F237C0 /* Release */,
			);
			defaultConfigurationIsVisible = 0;
			defaultConfigurationName = Release;
		};
/* End XCConfigurationList section */

/* Begin XCVersionGroup section */
		9A47991F1CC67E3D00F237C0 /* RJMemorandum.xcdatamodeld */ = {
			isa = XCVersionGroup;
			children = (
				9A4799201CC67E3D00F237C0 /* RJMemorandum.xcdatamodel */,
			);
			currentVersion = 9A4799201CC67E3D00F237C0 /* RJMemorandum.xcdatamodel */;
			path = RJMemorandum.xcdatamodeld;
			sourceTree = "<group>";
			versionGroupType = wrapper.xcdatamodel;
		};
/* End XCVersionGroup section */
	};
	rootObject = 9A4799081CC67E3D00F237C0 /* Project object */;
}
